{
  "name": "servly-azure-example",
  "version": "1.0.0",
  "lockfileVersion": 1,
  "requires": true,
  "dependencies": {
    "@azure/functions": {
      "version": "1.2.0",
      "resolved": "https://registry.npmjs.org/@azure/functions/-/functions-1.2.0.tgz",
      "integrity": "sha512-qkaQqTnr56xUnYNkKBM/2wsnf6imAJ3NF6Nbpk691Y6JYliA1YdZngsZsrpHS9tQ9/71MqARl8m50+EmEfLG3g=="
    },
    "gracely": {
      "version": "0.0.31",
      "resolved": "https://registry.npmjs.org/gracely/-/gracely-0.0.31.tgz",
      "integrity": "sha512-mT8+V8hZ2dAIdKhdm/s9Ez95HLHvKRGYTR3Vb4GqB9hkm/WH8AxBzLfNwIAFS3/xs61vBM1rE3E0EQkB+u/dPQ=="
    },
    "node-fetch": {
      "version": "2.6.0",
      "resolved": "https://registry.npmjs.org/node-fetch/-/node-fetch-2.6.0.tgz",
      "integrity": "sha512-8dG4H5ujfvFiqDmVu9fQ5bOHUC15JMjMY/Zumv26oOvvVJjM67KF8koCWIabKQ1GJIa9r2mMZscBq/TbdOcmNA=="
    },
    "servly": {
      "version": "github:payfunc/servly#d816a20ad8d23405d2778ab802425d12ddfe3be7",
      "from": "github:payfunc/servly#timer",
      "requires": {
        "gracely": "0.0.31",
        "node-fetch": "^2.6.0"
      }
    },
    "servly-azure": {
      "version": "github:payfunc/servly-azure#b8884001fd2f0ead881504b9278448f84125f5b7",
      "from": "github:payfunc/servly-azure#timer",
      "requires": {
        "@azure/functions": "^1.2.0",
        "servly": "github:payfunc/servly#timer"
      }
    },
    "typescript": {
      "version": "3.8.3",
      "resolved": "https://registry.npmjs.org/typescript/-/typescript-3.8.3.tgz",
      "integrity": "sha512-MYlEfn5VrLNsgudQTVJeNaQFUAI7DkhnOjdpAp4T+ku1TfQClewlbSuTVHiA+8skNBgaf02TL/kLOvig4y3G8w==",
      "dev": true
    }
  }
}
