{
  "name": "servly-azure-example",
  "version": "1.0.0",
  "lockfileVersion": 1,
  "requires": true,
  "dependencies": {
    "@azure/functions": {
      "version": "1.2.0",
      "resolved": "https://registry.npmjs.org/@azure/functions/-/functions-1.2.0.tgz",
      "integrity": "sha512-qkaQqTnr56xUnYNkKBM/2wsnf6imAJ3NF6Nbpk691Y6JYliA1YdZngsZsrpHS9tQ9/71MqARl8m50+EmEfLG3g=="
    },
    "gracely": {
      "version": "0.0.31",
      "resolved": "https://registry.npmjs.org/gracely/-/gracely-0.0.31.tgz",
      "integrity": "sha512-mT8+V8hZ2dAIdKhdm/s9Ez95HLHvKRGYTR3Vb4GqB9hkm/WH8AxBzLfNwIAFS3/xs61vBM1rE3E0EQkB+u/dPQ=="
    },
    "isoly": {
      "version": "0.0.13",
      "resolved": "https://registry.npmjs.org/isoly/-/isoly-0.0.13.tgz",
      "integrity": "sha512-xgmEJjvbkPdoh4DvYcVXojJDHMi+e4wymxmDgTKTKCK1R2jdmxf0YYCJPMynCc9lkVvacGtdI//gTchmzHLyhA=="
    },
    "node-fetch": {
      "version": "2.6.0",
      "resolved": "https://registry.npmjs.org/node-fetch/-/node-fetch-2.6.0.tgz",
      "integrity": "sha512-8dG4H5ujfvFiqDmVu9fQ5bOHUC15JMjMY/Zumv26oOvvVJjM67KF8koCWIabKQ1GJIa9r2mMZscBq/TbdOcmNA=="
    },
    "servly": {
      "version": "0.0.19",
      "resolved": "https://registry.npmjs.org/servly/-/servly-0.0.19.tgz",
      "integrity": "sha512-oLNoSHS6xNhquFSAQCSedrgXZb6etYf+hjM2olUrZ6MZ07MQm5jntw0LqdZmqVcYSmeVwVL75vYnu8MnlnwM3Q==",
      "requires": {
        "gracely": "0.0.31",
        "isoly": "0.0.13",
        "node-fetch": "^2.6.0"
      }
    },
    "servly-azure": {
      "version": "0.0.15",
      "resolved": "https://registry.npmjs.org/servly-azure/-/servly-azure-0.0.15.tgz",
      "integrity": "sha512-sRjqF4RB+2Rsv0edDmQcgLZuO/RM8HRn09/MQ1Jw7yDgHUMJS2FQP/S/IkV2ad5f3ZHPUSFf3bM68h3LY9NPLw==",
      "requires": {
        "@azure/functions": "^1.2.0",
        "isoly": "0.0.13",
        "servly": "0.0.19"
      }
    },
    "typescript": {
      "version": "3.8.3",
      "resolved": "https://registry.npmjs.org/typescript/-/typescript-3.8.3.tgz",
      "integrity": "sha512-MYlEfn5VrLNsgudQTVJeNaQFUAI7DkhnOjdpAp4T+ku1TfQClewlbSuTVHiA+8skNBgaf02TL/kLOvig4y3G8w==",
      "dev": true
    }
  }
}
